
Microsoft Visual Studio Solution File, Format Version 12.00
# Visual Studio 15
VisualStudioVersion = 15.0.26730.16
MinimumVisualStudioVersion = 10.0.40219.1
Project("{FAE04EC0-301F-11D3-BF4B-00C04F79EFBC}") = "Advant", "Advant\Advant.csproj", "{64DD44D2-E2C0-4596-A526-8CC61A2877B9}"
EndProject
Global
	GlobalSection(SolutionConfigurationPlatforms) = preSolution
		Debug|Any CPU = Debug|Any CPU
		Release|Any CPU = Release|Any CPU
	EndGlobalSection
	GlobalSection(ProjectConfigurationPlatforms) = postSolution
		{64DD44D2-E2C0-4596-A526-8CC61A2877B9}.Debug|Any CPU.ActiveCfg = Debug|Any CPU
		{64DD44D2-E2C0-4596-A526-8CC61A2877B9}.Debug|Any CPU.Build.0 = Debug|Any CPU
		{64DD44D2-E2C0-4596-A526-8CC61A2877B9}.Release|Any CPU.ActiveCfg = Release|Any CPU
		{64DD44D2-E2C0-4596-A526-8CC61A2877B9}.Release|Any CPU.Build.0 = Release|Any CPU
	EndGlobalSection
	GlobalSection(SolutionProperties) = preSolution
		HideSolutionNode = FALSE
	EndGlobalSection
	GlobalSection(ExtensibilityGlobals) = postSolution
		SolutionGuid = {2156C3E5-C15A-4CA4-9C62-50C0ADC9491B}
	EndGlobalSection
EndGlobal
